
Microsoft Visual Studio Solution File, Format Version 12.00
# Blend for Visual Studio Version 17
VisualStudioVersion = 17.9.34723.18
MinimumVisualStudioVersion = 10.0.40219.1
Project("{FAE04EC0-301F-11D3-BF4B-00C04F79EFBC}") = "AreaDesignWpfControls", "AreaDesignWpfControls.csproj", "{C2B0DA21-FD99-413B-866A-0148117132B6}"
EndProject
Global
	GlobalSection(SolutionConfigurationPlatforms) = preSolution
		Debug|Any CPU = Debug|Any CPU
		Release|Any CPU = Release|Any CPU
	EndGlobalSection
	GlobalSection(ProjectConfigurationPlatforms) = postSolution
		{C2B0DA21-FD99-413B-866A-0148117132B6}.Debug|Any CPU.ActiveCfg = Debug|Any CPU
		{C2B0DA21-FD99-413B-866A-0148117132B6}.Debug|Any CPU.Build.0 = Debug|Any CPU
		{C2B0DA21-FD99-413B-866A-0148117132B6}.Release|Any CPU.ActiveCfg = Release|Any CPU
		{C2B0DA21-FD99-413B-866A-0148117132B6}.Release|Any CPU.Build.0 = Release|Any CPU
	EndGlobalSection
	GlobalSection(SolutionProperties) = preSolution
		HideSolutionNode = FALSE
	EndGlobalSection
	GlobalSection(ExtensibilityGlobals) = postSolution
		SolutionGuid = {C9C2CF70-583E-4488-8456-47081A42C50C}
	EndGlobalSection
EndGlobal
